
Microsoft Visual Studio Solution File, Format Version 12.00
# Visual Studio Version 17
VisualStudioVersion = 17.14.36121.58 d17.14
MinimumVisualStudioVersion = 10.0.40219.1
Project("{FAE04EC0-301F-11D3-BF4B-00C04F79EFBC}") = "POO Basico", "POO Basico\POO Basico.csproj", "{2880AF95-82C3-4289-BF5D-9C9DBE7F9FDC}"
EndProject
Global
	GlobalSection(SolutionConfigurationPlatforms) = preSolution
		Debug|Any CPU = Debug|Any CPU
		Release|Any CPU = Release|Any CPU
	EndGlobalSection
	GlobalSection(ProjectConfigurationPlatforms) = postSolution
		{2880AF95-82C3-4289-BF5D-9C9DBE7F9FDC}.Debug|Any CPU.ActiveCfg = Debug|Any CPU
		{2880AF95-82C3-4289-BF5D-9C9DBE7F9FDC}.Debug|Any CPU.Build.0 = Debug|Any CPU
		{2880AF95-82C3-4289-BF5D-9C9DBE7F9FDC}.Release|Any CPU.ActiveCfg = Release|Any CPU
		{2880AF95-82C3-4289-BF5D-9C9DBE7F9FDC}.Release|Any CPU.Build.0 = Release|Any CPU
	EndGlobalSection
	GlobalSection(SolutionProperties) = preSolution
		HideSolutionNode = FALSE
	EndGlobalSection
	GlobalSection(ExtensibilityGlobals) = postSolution
		SolutionGuid = {84D2371C-2765-4130-93FF-D3AE3D62D673}
	EndGlobalSection
EndGlobal
