
Microsoft Visual Studio Solution File, Format Version 12.00
# Visual Studio Version 17
VisualStudioVersion = 17.7.34221.43
MinimumVisualStudioVersion = 10.0.40219.1
Project("{FAE04EC0-301F-11D3-BF4B-00C04F79EFBC}") = "Calculadora", "Calculadora\Calculadora.csproj", "{B288DCCA-562E-41CD-9582-1BCAA377CA18}"
EndProject
Global
	GlobalSection(SolutionConfigurationPlatforms) = preSolution
		Debug|Any CPU = Debug|Any CPU
		Release|Any CPU = Release|Any CPU
	EndGlobalSection
	GlobalSection(ProjectConfigurationPlatforms) = postSolution
		{B288DCCA-562E-41CD-9582-1BCAA377CA18}.Debug|Any CPU.ActiveCfg = Debug|Any CPU
		{B288DCCA-562E-41CD-9582-1BCAA377CA18}.Debug|Any CPU.Build.0 = Debug|Any CPU
		{B288DCCA-562E-41CD-9582-1BCAA377CA18}.Release|Any CPU.ActiveCfg = Release|Any CPU
		{B288DCCA-562E-41CD-9582-1BCAA377CA18}.Release|Any CPU.Build.0 = Release|Any CPU
	EndGlobalSection
	GlobalSection(SolutionProperties) = preSolution
		HideSolutionNode = FALSE
	EndGlobalSection
	GlobalSection(ExtensibilityGlobals) = postSolution
		SolutionGuid = {FB8AC529-5326-4563-B779-51C05697085C}
	EndGlobalSection
EndGlobal
