
Microsoft Visual Studio Solution File, Format Version 12.00
# Visual Studio Version 17
VisualStudioVersion = 17.14.36121.58 d17.14
MinimumVisualStudioVersion = 10.0.40219.1
Project("{FAE04EC0-301F-11D3-BF4B-00C04F79EFBC}") = "AdivinaElNumero", "AdivinaElNumero\AdivinaElNumero.csproj", "{93894A08-7344-420F-8C31-DF6FAA1A3D8F}"
EndProject
Global
	GlobalSection(SolutionConfigurationPlatforms) = preSolution
		Debug|Any CPU = Debug|Any CPU
		Release|Any CPU = Release|Any CPU
	EndGlobalSection
	GlobalSection(ProjectConfigurationPlatforms) = postSolution
		{93894A08-7344-420F-8C31-DF6FAA1A3D8F}.Debug|Any CPU.ActiveCfg = Debug|Any CPU
		{93894A08-7344-420F-8C31-DF6FAA1A3D8F}.Debug|Any CPU.Build.0 = Debug|Any CPU
		{93894A08-7344-420F-8C31-DF6FAA1A3D8F}.Release|Any CPU.ActiveCfg = Release|Any CPU
		{93894A08-7344-420F-8C31-DF6FAA1A3D8F}.Release|Any CPU.Build.0 = Release|Any CPU
	EndGlobalSection
	GlobalSection(SolutionProperties) = preSolution
		HideSolutionNode = FALSE
	EndGlobalSection
	GlobalSection(ExtensibilityGlobals) = postSolution
		SolutionGuid = {0C05A07D-18A2-4330-ACC1-190C06F9F54B}
	EndGlobalSection
EndGlobal
